// !$*UTF8*$!
{
	archiveVersion = 1;
	classes = {
	};
	objectVersion = 48;
	objects = {

/* Begin PBXBuildFile section */
		7572019C1FDD4C9600FD3BF5 /* AppDelegate.swift in Sources */ = {isa = PBXBuildFile; fileRef = 7572019B1FDD4C9600FD3BF5 /* AppDelegate.swift */; };
		7572019E1FDD4C9600FD3BF5 /* ViewController.swift in Sources */ = {isa = PBXBuildFile; fileRef = 7572019D1FDD4C9600FD3BF5 /* ViewController.swift */; };
		757201A11FDD4C9600FD3BF5 /* Main.storyboard in Resources */ = {isa = PBXBuildFile; fileRef = 7572019F1FDD4C9600FD3BF5 /* Main.storyboard */; };
		757201A31FDD4C9600FD3BF5 /* Assets.xcassets in Resources */ = {isa = PBXBuildFile; fileRef = 757201A21FDD4C9600FD3BF5 /* Assets.xcassets */; };
		757201A61FDD4C9600FD3BF5 /* LaunchScreen.storyboard in Resources */ = {isa = PBXBuildFile; fileRef = 757201A41FDD4C9600FD3BF5 /* LaunchScreen.storyboard */; };
/* End PBXBuildFile section */

/* Begin PBXFileReference section */
		757201981FDD4C9600FD3BF5 /* Currency Coverter.app */ = {isa = PBXFileReference; explicitFileType = wrapper.application; includeInIndex = 0; path = "Currency Coverter.app"; sourceTree = BUILT_PRODUCTS_DIR; };
		7572019B1FDD4C9600FD3BF5 /* AppDelegate.swift */ = {isa = PBXFileReference; lastKnownFileType = sourcecode.swift; path = AppDelegate.swift; sourceTree = "<group>"; };
		7572019D1FDD4C9600FD3BF5 /* ViewController.swift */ = {isa = PBXFileReference; lastKnownFileType = sourcecode.swift; path = ViewController.swift; sourceTree = "<group>"; };
		757201A01FDD4C9600FD3BF5 /* Base */ = {isa = PBXFileReference; lastKnownFileType = file.storyboard; name = Base; path = Base.lproj/Main.storyboard; sourceTree = "<group>"; };
		757201A21FDD4C9600FD3BF5 /* Assets.xcassets */ = {isa = PBXFileReference; lastKnownFileType = folder.assetcatalog; path = Assets.xcassets; sourceTree = "<group>"; };
		757201A51FDD4C9600FD3BF5 /* Base */ = {isa = PBXFileReference; lastKnownFileType = file.storyboard; name = Base; path = Base.lproj/LaunchScreen.storyboard; sourceTree = "<group>"; };
		757201A71FDD4C9600FD3BF5 /* Info.plist */ = {isa = PBXFileReference; lastKnownFileType = text.plist.xml; path = Info.plist; sourceTree = "<group>"; };
/* End PBXFileReference section */

/* Begin PBXFrameworksBuildPhase section */
		757201951FDD4C9600FD3BF5 /* Frameworks */ = {
			isa = PBXFrameworksBuildPhase;
			buildActionMask = 2147483647;
			files = (
			);
			runOnlyForDeploymentPostprocessing = 0;
		};
/* End PBXFrameworksBuildPhase section */

/* Begin PBXGroup section */
		7572018F1FDD4C9600FD3BF5 = {
			isa = PBXGroup;
			children = (
				7572019A1FDD4C9600FD3BF5 /* Currency Coverter */,
				757201991FDD4C9600FD3BF5 /* Products */,
			);
			sourceTree = "<group>";
		};
		757201991FDD4C9600FD3BF5 /* Products */ = {
			isa = PBXGroup;
			children = (
				757201981FDD4C9600FD3BF5 /* Currency Coverter.app */,
			);
			name = Products;
			sourceTree = "<group>";
		};
		7572019A1FDD4C9600FD3BF5 /* Currency Coverter */ = {
			isa = PBXGroup;
			children = (
				7572019B1FDD4C9600FD3BF5 /* AppDelegate.swift */,
				7572019D1FDD4C9600FD3BF5 /* ViewController.swift */,
				7572019F1FDD4C9600FD3BF5 /* Main.storyboard */,
				757201A21FDD4C9600FD3BF5 /* Assets.xcassets */,
				757201A41FDD4C9600FD3BF5 /* LaunchScreen.storyboard */,
				757201A71FDD4C9600FD3BF5 /* Info.plist */,
			);
			path = "Currency Coverter";
			sourceTree = "<group>";
		};
/* End PBXGroup section */

/* Begin PBXNativeTarget section */
		757201971FDD4C9600FD3BF5 /* Currency Coverter */ = {
			isa = PBXNativeTarget;
			buildConfigurationList = 757201AA1FDD4C9600FD3BF5 /* Build configuration list for PBXNativeTarget "Currency Coverter" */;
			buildPhases = (
				757201941FDD4C9600FD3BF5 /* Sources */,
				757201951FDD4C9600FD3BF5 /* Frameworks */,
				757201961FDD4C9600FD3BF5 /* Resources */,
			);
			buildRules = (
			);
			dependencies = (
			);
			name = "Currency Coverter";
			productName = "Currency Coverter";
			productReference = 757201981FDD4C9600FD3BF5 /* Currency Coverter.app */;
			productType = "com.apple.product-type.application";
		};
/* End PBXNativeTarget section */

/* Begin PBXProject section */
		757201901FDD4C9600FD3BF5 /* Project object */ = {
			isa = PBXProject;
			attributes = {
				LastSwiftUpdateCheck = 0920;
				LastUpgradeCheck = 0920;
				ORGANIZATIONNAME = "Uladzislau Daratsiuk";
				TargetAttributes = {
					757201971FDD4C9600FD3BF5 = {
						CreatedOnToolsVersion = 9.2;
						ProvisioningStyle = Automatic;
					};
				};
			};
			buildConfigurationList = 757201931FDD4C9600FD3BF5 /* Build configuration list for PBXProject "Currency Coverter" */;
			compatibilityVersion = "Xcode 8.0";
			developmentRegion = en;
			hasScannedForEncodings = 0;
			knownRegions = (
				en,
				Base,
			);
			mainGroup = 7572018F1FDD4C9600FD3BF5;
			productRefGroup = 757201991FDD4C9600FD3BF5 /* Products */;
			projectDirPath = "";
			projectRoot = "";
			targets = (
				757201971FDD4C9600FD3BF5 /* Currency Coverter */,
			);
		};
/* End PBXProject section */

/* Begin PBXResourcesBuildPhase section */
		757201961FDD4C9600FD3BF5 /* Resources */ = {
			isa = PBXResourcesBuildPhase;
			buildActionMask = 2147483647;
			files = (
				757201A61FDD4C9600FD3BF5 /* LaunchScreen.storyboard in Resources */,
				757201A31FDD4C9600FD3BF5 /* Assets.xcassets in Resources */,
				757201A11FDD4C9600FD3BF5 /* Main.storyboard in Resources */,
			);
			runOnlyForDeploymentPostprocessing = 0;
		};
/* End PBXResourcesBuildPhase section */

/* Begin PBXSourcesBuildPhase section */
		757201941FDD4C9600FD3BF5 /* Sources */ = {
			isa = PBXSourcesBuildPhase;
			buildActionMask = 2147483647;
			files = (
				7572019E1FDD4C9600FD3BF5 /* ViewController.swift in Sources */,
				7572019C1FDD4C9600FD3BF5 /* AppDelegate.swift in Sources */,
			);
			runOnlyForDeploymentPostprocessing = 0;
		};
/* End PBXSourcesBuildPhase section */

/* Begin PBXVariantGroup section */
		7572019F1FDD4C9600FD3BF5 /* Main.storyboard */ = {
			isa = PBXVariantGroup;
			children = (
				757201A01FDD4C9600FD3BF5 /* Base */,
			);
			name = Main.storyboard;
			sourceTree = "<group>";
		};
		757201A41FDD4C9600FD3BF5 /* LaunchScreen.storyboard */ = {
			isa = PBXVariantGroup;
			children = (
				757201A51FDD4C9600FD3BF5 /* Base */,
			);
			name = LaunchScreen.storyboard;
			sourceTree = "<group>";
		};
/* End PBXVariantGroup section */

/* Begin XCBuildConfiguration section */
		757201A81FDD4C9600FD3BF5 /* Debug */ = {
			isa = XCBuildConfiguration;
			buildSettings = {
				ALWAYS_SEARCH_USER_PATHS = NO;
				CLANG_ANALYZER_NONNULL = YES;
				CLANG_ANALYZER_NUMBER_OBJECT_CONVERSION = YES_AGGRESSIVE;
				CLANG_CXX_LANGUAGE_STANDARD = "gnu++14";
				CLANG_CXX_LIBRARY = "libc++";
				CLANG_ENABLE_MODULES = YES;
				CLANG_ENABLE_OBJC_ARC = YES;
				CLANG_WARN_BLOCK_CAPTURE_AUTORELEASING = YES;
				CLANG_WARN_BOOL_CONVERSION = YES;
				CLANG_WARN_COMMA = YES;
				CLANG_WARN_CONSTANT_CONVERSION = YES;
				CLANG_WARN_DIRECT_OBJC_ISA_USAGE = YES_ERROR;
				CLANG_WARN_DOCUMENTATION_COMMENTS = YES;
				CLANG_WARN_EMPTY_BODY = YES;
				CLANG_WARN_ENUM_CONVERSION = YES;
				CLANG_WARN_INFINITE_RECURSION = YES;
				CLANG_WARN_INT_CONVERSION = YES;
				CLANG_WARN_NON_LITERAL_NULL_CONVERSION = YES;
				CLANG_WARN_OBJC_LITERAL_CONVERSION = YES;
				CLANG_WARN_OBJC_ROOT_CLASS = YES_ERROR;
				CLANG_WARN_RANGE_LOOP_ANALYSIS = YES;
				CLANG_WARN_STRICT_PROTOTYPES = YES;
				CLANG_WARN_SUSPICIOUS_MOVE = YES;
				CLANG_WARN_UNGUARDED_AVAILABILITY = YES_AGGRESSIVE;
				CLANG_WARN_UNREACHABLE_CODE = YES;
				CLANG_WARN__DUPLICATE_METHOD_MATCH = YES;
				CODE_SIGN_IDENTITY = "iPhone Developer";
				COPY_PHASE_STRIP = NO;
				DEBUG_INFORMATION_FORMAT = dwarf;
				ENABLE_STRICT_OBJC_MSGSEND = YES;
				ENABLE_TESTABILITY = YES;
				GCC_C_LANGUAGE_STANDARD = gnu11;
				GCC_DYNAMIC_NO_PIC = NO;
				GCC_NO_COMMON_BLOCKS = YES;
				GCC_OPTIMIZATION_LEVEL = 0;
				GCC_PREPROCESSOR_DEFINITIONS = (
					"DEBUG=1",
					"$(inherited)",
				);
				GCC_WARN_64_TO_32_BIT_CONVERSION = YES;
				GCC_WARN_ABOUT_RETURN_TYPE = YES_ERROR;
				GCC_WARN_UNDECLARED_SELECTOR = YES;
				GCC_WARN_UNINITIALIZED_AUTOS = YES_AGGRESSIVE;
				GCC_WARN_UNUSED_FUNCTION = YES;
				GCC_WARN_UNUSED_VARIABLE = YES;
				IPHONEOS_DEPLOYMENT_TARGET = 11.2;
				MTL_ENABLE_DEBUG_INFO = YES;
				ONLY_ACTIVE_ARCH = YES;
				SDKROOT = iphoneos;
				SWIFT_ACTIVE_COMPILATION_CONDITIONS = DEBUG;
				SWIFT_OPTIMIZATION_LEVEL = "-Onone";
			};
			name = Debug;
		};
		757201A91FDD4C9600FD3BF5 /* Release */ = {
			isa = XCBuildConfiguration;
			buildSettings = {
				ALWAYS_SEARCH_USER_PATHS = NO;
				CLANG_ANALYZER_NONNULL = YES;
				CLANG_ANALYZER_NUMBER_OBJECT_CONVERSION = YES_AGGRESSIVE;
				CLANG_CXX_LANGUAGE_STANDARD = "gnu++14";
				CLANG_CXX_LIBRARY = "libc++";
				CLANG_ENABLE_MODULES = YES;
				CLANG_ENABLE_OBJC_ARC = YES;
				CLANG_WARN_BLOCK_CAPTURE_AUTORELEASING = YES;
				CLANG_WARN_BOOL_CONVERSION = YES;
				CLANG_WARN_COMMA = YES;
				CLANG_WARN_CONSTANT_CONVERSION = YES;
				CLANG_WARN_DIRECT_OBJC_ISA_USAGE = YES_ERROR;
				CLANG_WARN_DOCUMENTATION_COMMENTS = YES;
				CLANG_WARN_EMPTY_BODY = YES;
				CLANG_WARN_ENUM_CONVERSION = YES;
				CLANG_WARN_INFINITE_RECURSION = YES;
				CLANG_WARN_INT_CONVERSION = YES;
				CLANG_WARN_NON_LITERAL_NULL_CONVERSION = YES;
				CLANG_WARN_OBJC_LITERAL_CONVERSION = YES;
				CLANG_WARN_OBJC_ROOT_CLASS = YES_ERROR;
				CLANG_WARN_RANGE_LOOP_ANALYSIS = YES;
				CLANG_WARN_STRICT_PROTOTYPES = YES;
				CLANG_WARN_SUSPICIOUS_MOVE = YES;
				CLANG_WARN_UNGUARDED_AVAILABILITY = YES_AGGRESSIVE;
				CLANG_WARN_UNREACHABLE_CODE = YES;
				CLANG_WARN__DUPLICATE_METHOD_MATCH = YES;
				CODE_SIGN_IDENTITY = "iPhone Developer";
				COPY_PHASE_STRIP = NO;
				DEBUG_INFORMATION_FORMAT = "dwarf-with-dsym";
				ENABLE_NS_ASSERTIONS = NO;
				ENABLE_STRICT_OBJC_MSGSEND = YES;
				GCC_C_LANGUAGE_STANDARD = gnu11;
				GCC_NO_COMMON_BLOCKS = YES;
				GCC_WARN_64_TO_32_BIT_CONVERSION = YES;
				GCC_WARN_ABOUT_RETURN_TYPE = YES_ERROR;
				GCC_WARN_UNDECLARED_SELECTOR = YES;
				GCC_WARN_UNINITIALIZED_AUTOS = YES_AGGRESSIVE;
				GCC_WARN_UNUSED_FUNCTION = YES;
				GCC_WARN_UNUSED_VARIABLE = YES;
				IPHONEOS_DEPLOYMENT_TARGET = 11.2;
				MTL_ENABLE_DEBUG_INFO = NO;
				SDKROOT = iphoneos;
				SWIFT_OPTIMIZATION_LEVEL = "-Owholemodule";
				VALIDATE_PRODUCT = YES;
			};
			name = Release;
		};
		757201AB1FDD4C9600FD3BF5 /* Debug */ = {
			isa = XCBuildConfiguration;
			buildSettings = {
				ASSETCATALOG_COMPILER_APPICON_NAME = AppIcon;
				CODE_SIGN_STYLE = Automatic;
				DEVELOPMENT_TEAM = Z4NGAZXKWW;
				INFOPLIST_FILE = "Currency Coverter/Info.plist";
				LD_RUNPATH_SEARCH_PATHS = "$(inherited) @executable_path/Frameworks";
				PRODUCT_BUNDLE_IDENTIFIER = "Uladzislau-Daratsiuk.Currency-Coverter";
				PRODUCT_NAME = "$(TARGET_NAME)";
				SWIFT_VERSION = 4.0;
				TARGETED_DEVICE_FAMILY = "1,2";
			};
			name = Debug;
		};
		757201AC1FDD4C9600FD3BF5 /* Release */ = {
			isa = XCBuildConfiguration;
			buildSettings = {
				ASSETCATALOG_COMPILER_APPICON_NAME = AppIcon;
				CODE_SIGN_STYLE = Automatic;
				DEVELOPMENT_TEAM = Z4NGAZXKWW;
				INFOPLIST_FILE = "Currency Coverter/Info.plist";
				LD_RUNPATH_SEARCH_PATHS = "$(inherited) @executable_path/Frameworks";
				PRODUCT_BUNDLE_IDENTIFIER = "Uladzislau-Daratsiuk.Currency-Coverter";
				PRODUCT_NAME = "$(TARGET_NAME)";
				SWIFT_VERSION = 4.0;
				TARGETED_DEVICE_FAMILY = "1,2";
			};
			name = Release;
		};
/* End XCBuildConfiguration section */

/* Begin XCConfigurationList section */
		757201931FDD4C9600FD3BF5 /* Build configuration list for PBXProject "Currency Coverter" */ = {
			isa = XCConfigurationList;
			buildConfigurations = (
				757201A81FDD4C9600FD3BF5 /* Debug */,
				757201A91FDD4C9600FD3BF5 /* Release */,
			);
			defaultConfigurationIsVisible = 0;
			defaultConfigurationName = Release;
		};
		757201AA1FDD4C9600FD3BF5 /* Build configuration list for PBXNativeTarget "Currency Coverter" */ = {
			isa = XCConfigurationList;
			buildConfigurations = (
				757201AB1FDD4C9600FD3BF5 /* Debug */,
				757201AC1FDD4C9600FD3BF5 /* Release */,
			);
			defaultConfigurationIsVisible = 0;
			defaultConfigurationName = Release;
		};
/* End XCConfigurationList section */
	};
	rootObject = 757201901FDD4C9600FD3BF5 /* Project object */;
}
